// !$*UTF8*$!
{
	archiveVersion = 1;
	classes = {
	};
	objectVersion = 50;
	objects = {

/* Begin PBXBuildFile section */
		D3C8371C262BD79600479404 /* AppDelegate.swift in Sources */ = {isa = PBXBuildFile; fileRef = D3C8371B262BD79600479404 /* AppDelegate.swift */; };
		D3C8371E262BD79600479404 /* SceneDelegate.swift in Sources */ = {isa = PBXBuildFile; fileRef = D3C8371D262BD79600479404 /* SceneDelegate.swift */; };
		D3C83720262BD79600479404 /* ViewController.swift in Sources */ = {isa = PBXBuildFile; fileRef = D3C8371F262BD79600479404 /* ViewController.swift */; };
		D3C83723262BD79600479404 /* Main.storyboard in Resources */ = {isa = PBXBuildFile; fileRef = D3C83721262BD79600479404 /* Main.storyboard */; };
		D3C83725262BD79800479404 /* Assets.xcassets in Resources */ = {isa = PBXBuildFile; fileRef = D3C83724262BD79800479404 /* Assets.xcassets */; };
		D3C83728262BD79800479404 /* LaunchScreen.storyboard in Resources */ = {isa = PBXBuildFile; fileRef = D3C83726262BD79800479404 /* LaunchScreen.storyboard */; };
		D3C83733262BD79900479404 /* StashTests.swift in Sources */ = {isa = PBXBuildFile; fileRef = D3C83732262BD79900479404 /* StashTests.swift */; };
		D3C8373E262BD79900479404 /* StashUITests.swift in Sources */ = {isa = PBXBuildFile; fileRef = D3C8373D262BD79900479404 /* StashUITests.swift */; };
		D3C83753262BDF4700479404 /* AchievementsInteractor.swift in Sources */ = {isa = PBXBuildFile; fileRef = D3C83752262BDF4700479404 /* AchievementsInteractor.swift */; };
		D3C8375A262BE04300479404 /* Achievements.swift in Sources */ = {isa = PBXBuildFile; fileRef = D3C83759262BE04300479404 /* Achievements.swift */; };
		D3C83763262C15F600479404 /* achievements.json in Resources */ = {isa = PBXBuildFile; fileRef = D3C83762262C15F600479404 /* achievements.json */; };
		D3C83768262C17E900479404 /* AchievementsPresenter.swift in Sources */ = {isa = PBXBuildFile; fileRef = D3C83767262C17E900479404 /* AchievementsPresenter.swift */; };
		D3C8376D262C192E00479404 /* AchievementsViewController.swift in Sources */ = {isa = PBXBuildFile; fileRef = D3C8376C262C192E00479404 /* AchievementsViewController.swift */; };
		D3C83774262C1EF900479404 /* AchievementsViewController.xib in Resources */ = {isa = PBXBuildFile; fileRef = D3C83773262C1EF900479404 /* AchievementsViewController.xib */; };
		D3C83779262C1F9100479404 /* AchievementsBuilder.swift in Sources */ = {isa = PBXBuildFile; fileRef = D3C83778262C1F9100479404 /* AchievementsBuilder.swift */; };
		D3C8377F262C20B500479404 /* UIViewController+Extension.swift in Sources */ = {isa = PBXBuildFile; fileRef = D3C8377E262C20B500479404 /* UIViewController+Extension.swift */; };
		D3C83787262CAB4500479404 /* AchievementUIModel.swift in Sources */ = {isa = PBXBuildFile; fileRef = D3C83786262CAB4500479404 /* AchievementUIModel.swift */; };
		D3C8378E262CB3B000479404 /* AchievementTableViewCell.swift in Sources */ = {isa = PBXBuildFile; fileRef = D3C8378C262CB3B000479404 /* AchievementTableViewCell.swift */; };
		D3C8378F262CB3B000479404 /* AchievementTableViewCell.xib in Resources */ = {isa = PBXBuildFile; fileRef = D3C8378D262CB3B000479404 /* AchievementTableViewCell.xib */; };
		D3C83796262CBD1E00479404 /* CacheImageView.swift in Sources */ = {isa = PBXBuildFile; fileRef = D3C83795262CBD1E00479404 /* CacheImageView.swift */; };
/* End PBXBuildFile section */

/* Begin PBXContainerItemProxy section */
		D3C8372F262BD79900479404 /* PBXContainerItemProxy */ = {
			isa = PBXContainerItemProxy;
			containerPortal = D3C83710262BD79600479404 /* Project object */;
			proxyType = 1;
			remoteGlobalIDString = D3C83717262BD79600479404;
			remoteInfo = Stash;
		};
		D3C8373A262BD79900479404 /* PBXContainerItemProxy */ = {
			isa = PBXContainerItemProxy;
			containerPortal = D3C83710262BD79600479404 /* Project object */;
			proxyType = 1;
			remoteGlobalIDString = D3C83717262BD79600479404;
			remoteInfo = Stash;
		};
/* End PBXContainerItemProxy section */

/* Begin PBXFileReference section */
		D3C83718262BD79600479404 /* Stash.app */ = {isa = PBXFileReference; explicitFileType = wrapper.application; includeInIndex = 0; path = Stash.app; sourceTree = BUILT_PRODUCTS_DIR; };
		D3C8371B262BD79600479404 /* AppDelegate.swift */ = {isa = PBXFileReference; lastKnownFileType = sourcecode.swift; path = AppDelegate.swift; sourceTree = "<group>"; };
		D3C8371D262BD79600479404 /* SceneDelegate.swift */ = {isa = PBXFileReference; lastKnownFileType = sourcecode.swift; path = SceneDelegate.swift; sourceTree = "<group>"; };
		D3C8371F262BD79600479404 /* ViewController.swift */ = {isa = PBXFileReference; lastKnownFileType = sourcecode.swift; path = ViewController.swift; sourceTree = "<group>"; };
		D3C83722262BD79600479404 /* Base */ = {isa = PBXFileReference; lastKnownFileType = file.storyboard; name = Base; path = Base.lproj/Main.storyboard; sourceTree = "<group>"; };
		D3C83724262BD79800479404 /* Assets.xcassets */ = {isa = PBXFileReference; lastKnownFileType = folder.assetcatalog; path = Assets.xcassets; sourceTree = "<group>"; };
		D3C83727262BD79800479404 /* Base */ = {isa = PBXFileReference; lastKnownFileType = file.storyboard; name = Base; path = Base.lproj/LaunchScreen.storyboard; sourceTree = "<group>"; };
		D3C83729262BD79800479404 /* Info.plist */ = {isa = PBXFileReference; lastKnownFileType = text.plist.xml; path = Info.plist; sourceTree = "<group>"; };
		D3C8372E262BD79900479404 /* StashTests.xctest */ = {isa = PBXFileReference; explicitFileType = wrapper.cfbundle; includeInIndex = 0; path = StashTests.xctest; sourceTree = BUILT_PRODUCTS_DIR; };
		D3C83732262BD79900479404 /* StashTests.swift */ = {isa = PBXFileReference; lastKnownFileType = sourcecode.swift; path = StashTests.swift; sourceTree = "<group>"; };
		D3C83734262BD79900479404 /* Info.plist */ = {isa = PBXFileReference; lastKnownFileType = text.plist.xml; path = Info.plist; sourceTree = "<group>"; };
		D3C83739262BD79900479404 /* StashUITests.xctest */ = {isa = PBXFileReference; explicitFileType = wrapper.cfbundle; includeInIndex = 0; path = StashUITests.xctest; sourceTree = BUILT_PRODUCTS_DIR; };
		D3C8373D262BD79900479404 /* StashUITests.swift */ = {isa = PBXFileReference; lastKnownFileType = sourcecode.swift; path = StashUITests.swift; sourceTree = "<group>"; };
		D3C8373F262BD79900479404 /* Info.plist */ = {isa = PBXFileReference; lastKnownFileType = text.plist.xml; path = Info.plist; sourceTree = "<group>"; };
		D3C83752262BDF4700479404 /* AchievementsInteractor.swift */ = {isa = PBXFileReference; lastKnownFileType = sourcecode.swift; path = AchievementsInteractor.swift; sourceTree = "<group>"; };
		D3C83759262BE04300479404 /* Achievements.swift */ = {isa = PBXFileReference; lastKnownFileType = sourcecode.swift; path = Achievements.swift; sourceTree = "<group>"; };
		D3C83762262C15F600479404 /* achievements.json */ = {isa = PBXFileReference; fileEncoding = 4; lastKnownFileType = text.json; path = achievements.json; sourceTree = "<group>"; };
		D3C83767262C17E900479404 /* AchievementsPresenter.swift */ = {isa = PBXFileReference; lastKnownFileType = sourcecode.swift; path = AchievementsPresenter.swift; sourceTree = "<group>"; };
		D3C8376C262C192E00479404 /* AchievementsViewController.swift */ = {isa = PBXFileReference; lastKnownFileType = sourcecode.swift; path = AchievementsViewController.swift; sourceTree = "<group>"; };
		D3C83773262C1EF900479404 /* AchievementsViewController.xib */ = {isa = PBXFileReference; lastKnownFileType = file.xib; path = AchievementsViewController.xib; sourceTree = "<group>"; };
		D3C83778262C1F9100479404 /* AchievementsBuilder.swift */ = {isa = PBXFileReference; lastKnownFileType = sourcecode.swift; path = AchievementsBuilder.swift; sourceTree = "<group>"; };
		D3C8377E262C20B500479404 /* UIViewController+Extension.swift */ = {isa = PBXFileReference; lastKnownFileType = sourcecode.swift; path = "UIViewController+Extension.swift"; sourceTree = "<group>"; };
		D3C83786262CAB4500479404 /* AchievementUIModel.swift */ = {isa = PBXFileReference; lastKnownFileType = sourcecode.swift; path = AchievementUIModel.swift; sourceTree = "<group>"; };
		D3C8378C262CB3B000479404 /* AchievementTableViewCell.swift */ = {isa = PBXFileReference; lastKnownFileType = sourcecode.swift; path = AchievementTableViewCell.swift; sourceTree = "<group>"; };
		D3C8378D262CB3B000479404 /* AchievementTableViewCell.xib */ = {isa = PBXFileReference; lastKnownFileType = file.xib; path = AchievementTableViewCell.xib; sourceTree = "<group>"; };
		D3C83795262CBD1E00479404 /* CacheImageView.swift */ = {isa = PBXFileReference; lastKnownFileType = sourcecode.swift; path = CacheImageView.swift; sourceTree = "<group>"; };
/* End PBXFileReference section */

/* Begin PBXFrameworksBuildPhase section */
		D3C83715262BD79600479404 /* Frameworks */ = {
			isa = PBXFrameworksBuildPhase;
			buildActionMask = 2147483647;
			files = (
			);
			runOnlyForDeploymentPostprocessing = 0;
		};
		D3C8372B262BD79900479404 /* Frameworks */ = {
			isa = PBXFrameworksBuildPhase;
			buildActionMask = 2147483647;
			files = (
			);
			runOnlyForDeploymentPostprocessing = 0;
		};
		D3C83736262BD79900479404 /* Frameworks */ = {
			isa = PBXFrameworksBuildPhase;
			buildActionMask = 2147483647;
			files = (
			);
			runOnlyForDeploymentPostprocessing = 0;
		};
/* End PBXFrameworksBuildPhase section */

/* Begin PBXGroup section */
		D3C8370F262BD79600479404 = {
			isa = PBXGroup;
			children = (
				D3C8371A262BD79600479404 /* Stash */,
				D3C83731262BD79900479404 /* StashTests */,
				D3C8373C262BD79900479404 /* StashUITests */,
				D3C83719262BD79600479404 /* Products */,
			);
			sourceTree = "<group>";
		};
		D3C83719262BD79600479404 /* Products */ = {
			isa = PBXGroup;
			children = (
				D3C83718262BD79600479404 /* Stash.app */,
				D3C8372E262BD79900479404 /* StashTests.xctest */,
				D3C83739262BD79900479404 /* StashUITests.xctest */,
			);
			name = Products;
			sourceTree = "<group>";
		};
		D3C8371A262BD79600479404 /* Stash */ = {
			isa = PBXGroup;
			children = (
				D3C8377D262C209C00479404 /* Extensions */,
				D3C83761262C15D900479404 /* Resources */,
				D3C83751262BDEAD00479404 /* Coach */,
				D3C8371B262BD79600479404 /* AppDelegate.swift */,
				D3C8371D262BD79600479404 /* SceneDelegate.swift */,
				D3C8371F262BD79600479404 /* ViewController.swift */,
				D3C83721262BD79600479404 /* Main.storyboard */,
				D3C83724262BD79800479404 /* Assets.xcassets */,
				D3C83726262BD79800479404 /* LaunchScreen.storyboard */,
				D3C83729262BD79800479404 /* Info.plist */,
			);
			path = Stash;
			sourceTree = "<group>";
		};
		D3C83731262BD79900479404 /* StashTests */ = {
			isa = PBXGroup;
			children = (
				D3C83732262BD79900479404 /* StashTests.swift */,
				D3C83734262BD79900479404 /* Info.plist */,
			);
			path = StashTests;
			sourceTree = "<group>";
		};
		D3C8373C262BD79900479404 /* StashUITests */ = {
			isa = PBXGroup;
			children = (
				D3C8373D262BD79900479404 /* StashUITests.swift */,
				D3C8373F262BD79900479404 /* Info.plist */,
			);
			path = StashUITests;
			sourceTree = "<group>";
		};
		D3C83751262BDEAD00479404 /* Coach */ = {
			isa = PBXGroup;
			children = (
				D3C8378B262CB38200479404 /* AchievementsCell */,
				D3C83752262BDF4700479404 /* AchievementsInteractor.swift */,
				D3C83759262BE04300479404 /* Achievements.swift */,
				D3C83767262C17E900479404 /* AchievementsPresenter.swift */,
				D3C8376C262C192E00479404 /* AchievementsViewController.swift */,
				D3C83773262C1EF900479404 /* AchievementsViewController.xib */,
				D3C83778262C1F9100479404 /* AchievementsBuilder.swift */,
				D3C83786262CAB4500479404 /* AchievementUIModel.swift */,
			);
			path = Coach;
			sourceTree = "<group>";
		};
		D3C83761262C15D900479404 /* Resources */ = {
			isa = PBXGroup;
			children = (
				D3C83762262C15F600479404 /* achievements.json */,
				D3C83795262CBD1E00479404 /* CacheImageView.swift */,
			);
			path = Resources;
			sourceTree = "<group>";
		};
		D3C8377D262C209C00479404 /* Extensions */ = {
			isa = PBXGroup;
			children = (
				D3C8377E262C20B500479404 /* UIViewController+Extension.swift */,
			);
			path = Extensions;
			sourceTree = "<group>";
		};
		D3C8378B262CB38200479404 /* AchievementsCell */ = {
			isa = PBXGroup;
			children = (
				D3C8378C262CB3B000479404 /* AchievementTableViewCell.swift */,
				D3C8378D262CB3B000479404 /* AchievementTableViewCell.xib */,
			);
			path = AchievementsCell;
			sourceTree = "<group>";
		};
/* End PBXGroup section */

/* Begin PBXNativeTarget section */
		D3C83717262BD79600479404 /* Stash */ = {
			isa = PBXNativeTarget;
			buildConfigurationList = D3C83742262BD79900479404 /* Build configuration list for PBXNativeTarget "Stash" */;
			buildPhases = (
				D3C83714262BD79600479404 /* Sources */,
				D3C83715262BD79600479404 /* Frameworks */,
				D3C83716262BD79600479404 /* Resources */,
			);
			buildRules = (
			);
			dependencies = (
			);
			name = Stash;
			productName = Stash;
			productReference = D3C83718262BD79600479404 /* Stash.app */;
			productType = "com.apple.product-type.application";
		};
		D3C8372D262BD79900479404 /* StashTests */ = {
			isa = PBXNativeTarget;
			buildConfigurationList = D3C83745262BD79900479404 /* Build configuration list for PBXNativeTarget "StashTests" */;
			buildPhases = (
				D3C8372A262BD79900479404 /* Sources */,
				D3C8372B262BD79900479404 /* Frameworks */,
				D3C8372C262BD79900479404 /* Resources */,
			);
			buildRules = (
			);
			dependencies = (
				D3C83730262BD79900479404 /* PBXTargetDependency */,
			);
			name = StashTests;
			productName = StashTests;
			productReference = D3C8372E262BD79900479404 /* StashTests.xctest */;
			productType = "com.apple.product-type.bundle.unit-test";
		};
		D3C83738262BD79900479404 /* StashUITests */ = {
			isa = PBXNativeTarget;
			buildConfigurationList = D3C83748262BD79900479404 /* Build configuration list for PBXNativeTarget "StashUITests" */;
			buildPhases = (
				D3C83735262BD79900479404 /* Sources */,
				D3C83736262BD79900479404 /* Frameworks */,
				D3C83737262BD79900479404 /* Resources */,
			);
			buildRules = (
			);
			dependencies = (
				D3C8373B262BD79900479404 /* PBXTargetDependency */,
			);
			name = StashUITests;
			productName = StashUITests;
			productReference = D3C83739262BD79900479404 /* StashUITests.xctest */;
			productType = "com.apple.product-type.bundle.ui-testing";
		};
/* End PBXNativeTarget section */

/* Begin PBXProject section */
		D3C83710262BD79600479404 /* Project object */ = {
			isa = PBXProject;
			attributes = {
				LastSwiftUpdateCheck = 1210;
				LastUpgradeCheck = 1210;
				TargetAttributes = {
					D3C83717262BD79600479404 = {
						CreatedOnToolsVersion = 12.1;
					};
					D3C8372D262BD79900479404 = {
						CreatedOnToolsVersion = 12.1;
						TestTargetID = D3C83717262BD79600479404;
					};
					D3C83738262BD79900479404 = {
						CreatedOnToolsVersion = 12.1;
						TestTargetID = D3C83717262BD79600479404;
					};
				};
			};
			buildConfigurationList = D3C83713262BD79600479404 /* Build configuration list for PBXProject "Stash" */;
			compatibilityVersion = "Xcode 9.3";
			developmentRegion = en;
			hasScannedForEncodings = 0;
			knownRegions = (
				en,
				Base,
			);
			mainGroup = D3C8370F262BD79600479404;
			productRefGroup = D3C83719262BD79600479404 /* Products */;
			projectDirPath = "";
			projectRoot = "";
			targets = (
				D3C83717262BD79600479404 /* Stash */,
				D3C8372D262BD79900479404 /* StashTests */,
				D3C83738262BD79900479404 /* StashUITests */,
			);
		};
/* End PBXProject section */

/* Begin PBXResourcesBuildPhase section */
		D3C83716262BD79600479404 /* Resources */ = {
			isa = PBXResourcesBuildPhase;
			buildActionMask = 2147483647;
			files = (
				D3C83774262C1EF900479404 /* AchievementsViewController.xib in Resources */,
				D3C83728262BD79800479404 /* LaunchScreen.storyboard in Resources */,
				D3C83763262C15F600479404 /* achievements.json in Resources */,
				D3C8378F262CB3B000479404 /* AchievementTableViewCell.xib in Resources */,
				D3C83725262BD79800479404 /* Assets.xcassets in Resources */,
				D3C83723262BD79600479404 /* Main.storyboard in Resources */,
			);
			runOnlyForDeploymentPostprocessing = 0;
		};
		D3C8372C262BD79900479404 /* Resources */ = {
			isa = PBXResourcesBuildPhase;
			buildActionMask = 2147483647;
			files = (
			);
			runOnlyForDeploymentPostprocessing = 0;
		};
		D3C83737262BD79900479404 /* Resources */ = {
			isa = PBXResourcesBuildPhase;
			buildActionMask = 2147483647;
			files = (
			);
			runOnlyForDeploymentPostprocessing = 0;
		};
/* End PBXResourcesBuildPhase section */

/* Begin PBXSourcesBuildPhase section */
		D3C83714262BD79600479404 /* Sources */ = {
			isa = PBXSourcesBuildPhase;
			buildActionMask = 2147483647;
			files = (
				D3C8377F262C20B500479404 /* UIViewController+Extension.swift in Sources */,
				D3C83768262C17E900479404 /* AchievementsPresenter.swift in Sources */,
				D3C83720262BD79600479404 /* ViewController.swift in Sources */,
				D3C8371C262BD79600479404 /* AppDelegate.swift in Sources */,
				D3C83753262BDF4700479404 /* AchievementsInteractor.swift in Sources */,
				D3C8371E262BD79600479404 /* SceneDelegate.swift in Sources */,
				D3C8376D262C192E00479404 /* AchievementsViewController.swift in Sources */,
				D3C8375A262BE04300479404 /* Achievements.swift in Sources */,
				D3C83779262C1F9100479404 /* AchievementsBuilder.swift in Sources */,
				D3C83796262CBD1E00479404 /* CacheImageView.swift in Sources */,
				D3C8378E262CB3B000479404 /* AchievementTableViewCell.swift in Sources */,
				D3C83787262CAB4500479404 /* AchievementUIModel.swift in Sources */,
			);
			runOnlyForDeploymentPostprocessing = 0;
		};
		D3C8372A262BD79900479404 /* Sources */ = {
			isa = PBXSourcesBuildPhase;
			buildActionMask = 2147483647;
			files = (
				D3C83733262BD79900479404 /* StashTests.swift in Sources */,
			);
			runOnlyForDeploymentPostprocessing = 0;
		};
		D3C83735262BD79900479404 /* Sources */ = {
			isa = PBXSourcesBuildPhase;
			buildActionMask = 2147483647;
			files = (
				D3C8373E262BD79900479404 /* StashUITests.swift in Sources */,
			);
			runOnlyForDeploymentPostprocessing = 0;
		};
/* End PBXSourcesBuildPhase section */

/* Begin PBXTargetDependency section */
		D3C83730262BD79900479404 /* PBXTargetDependency */ = {
			isa = PBXTargetDependency;
			target = D3C83717262BD79600479404 /* Stash */;
			targetProxy = D3C8372F262BD79900479404 /* PBXContainerItemProxy */;
		};
		D3C8373B262BD79900479404 /* PBXTargetDependency */ = {
			isa = PBXTargetDependency;
			target = D3C83717262BD79600479404 /* Stash */;
			targetProxy = D3C8373A262BD79900479404 /* PBXContainerItemProxy */;
		};
/* End PBXTargetDependency section */

/* Begin PBXVariantGroup section */
		D3C83721262BD79600479404 /* Main.storyboard */ = {
			isa = PBXVariantGroup;
			children = (
				D3C83722262BD79600479404 /* Base */,
			);
			name = Main.storyboard;
			sourceTree = "<group>";
		};
		D3C83726262BD79800479404 /* LaunchScreen.storyboard */ = {
			isa = PBXVariantGroup;
			children = (
				D3C83727262BD79800479404 /* Base */,
			);
			name = LaunchScreen.storyboard;
			sourceTree = "<group>";
		};
/* End PBXVariantGroup section */

/* Begin XCBuildConfiguration section */
		D3C83740262BD79900479404 /* Debug */ = {
			isa = XCBuildConfiguration;
			buildSettings = {
				ALWAYS_SEARCH_USER_PATHS = NO;
				CLANG_ANALYZER_NONNULL = YES;
				CLANG_ANALYZER_NUMBER_OBJECT_CONVERSION = YES_AGGRESSIVE;
				CLANG_CXX_LANGUAGE_STANDARD = "gnu++14";
				CLANG_CXX_LIBRARY = "libc++";
				CLANG_ENABLE_MODULES = YES;
				CLANG_ENABLE_OBJC_ARC = YES;
				CLANG_ENABLE_OBJC_WEAK = YES;
				CLANG_WARN_BLOCK_CAPTURE_AUTORELEASING = YES;
				CLANG_WARN_BOOL_CONVERSION = YES;
				CLANG_WARN_COMMA = YES;
				CLANG_WARN_CONSTANT_CONVERSION = YES;
				CLANG_WARN_DEPRECATED_OBJC_IMPLEMENTATIONS = YES;
				CLANG_WARN_DIRECT_OBJC_ISA_USAGE = YES_ERROR;
				CLANG_WARN_DOCUMENTATION_COMMENTS = YES;
				CLANG_WARN_EMPTY_BODY = YES;
				CLANG_WARN_ENUM_CONVERSION = YES;
				CLANG_WARN_INFINITE_RECURSION = YES;
				CLANG_WARN_INT_CONVERSION = YES;
				CLANG_WARN_NON_LITERAL_NULL_CONVERSION = YES;
				CLANG_WARN_OBJC_IMPLICIT_RETAIN_SELF = YES;
				CLANG_WARN_OBJC_LITERAL_CONVERSION = YES;
				CLANG_WARN_OBJC_ROOT_CLASS = YES_ERROR;
				CLANG_WARN_QUOTED_INCLUDE_IN_FRAMEWORK_HEADER = YES;
				CLANG_WARN_RANGE_LOOP_ANALYSIS = YES;
				CLANG_WARN_STRICT_PROTOTYPES = YES;
				CLANG_WARN_SUSPICIOUS_MOVE = YES;
				CLANG_WARN_UNGUARDED_AVAILABILITY = YES_AGGRESSIVE;
				CLANG_WARN_UNREACHABLE_CODE = YES;
				CLANG_WARN__DUPLICATE_METHOD_MATCH = YES;
				COPY_PHASE_STRIP = NO;
				DEBUG_INFORMATION_FORMAT = dwarf;
				ENABLE_STRICT_OBJC_MSGSEND = YES;
				ENABLE_TESTABILITY = YES;
				GCC_C_LANGUAGE_STANDARD = gnu11;
				GCC_DYNAMIC_NO_PIC = NO;
				GCC_NO_COMMON_BLOCKS = YES;
				GCC_OPTIMIZATION_LEVEL = 0;
				GCC_PREPROCESSOR_DEFINITIONS = (
					"DEBUG=1",
					"$(inherited)",
				);
				GCC_WARN_64_TO_32_BIT_CONVERSION = YES;
				GCC_WARN_ABOUT_RETURN_TYPE = YES_ERROR;
				GCC_WARN_UNDECLARED_SELECTOR = YES;
				GCC_WARN_UNINITIALIZED_AUTOS = YES_AGGRESSIVE;
				GCC_WARN_UNUSED_FUNCTION = YES;
				GCC_WARN_UNUSED_VARIABLE = YES;
				IPHONEOS_DEPLOYMENT_TARGET = 14.1;
				MTL_ENABLE_DEBUG_INFO = INCLUDE_SOURCE;
				MTL_FAST_MATH = YES;
				ONLY_ACTIVE_ARCH = YES;
				SDKROOT = iphoneos;
				SWIFT_ACTIVE_COMPILATION_CONDITIONS = DEBUG;
				SWIFT_OPTIMIZATION_LEVEL = "-Onone";
			};
			name = Debug;
		};
		D3C83741262BD79900479404 /* Release */ = {
			isa = XCBuildConfiguration;
			buildSettings = {
				ALWAYS_SEARCH_USER_PATHS = NO;
				CLANG_ANALYZER_NONNULL = YES;
				CLANG_ANALYZER_NUMBER_OBJECT_CONVERSION = YES_AGGRESSIVE;
				CLANG_CXX_LANGUAGE_STANDARD = "gnu++14";
				CLANG_CXX_LIBRARY = "libc++";
				CLANG_ENABLE_MODULES = YES;
				CLANG_ENABLE_OBJC_ARC = YES;
				CLANG_ENABLE_OBJC_WEAK = YES;
				CLANG_WARN_BLOCK_CAPTURE_AUTORELEASING = YES;
				CLANG_WARN_BOOL_CONVERSION = YES;
				CLANG_WARN_COMMA = YES;
				CLANG_WARN_CONSTANT_CONVERSION = YES;
				CLANG_WARN_DEPRECATED_OBJC_IMPLEMENTATIONS = YES;
				CLANG_WARN_DIRECT_OBJC_ISA_USAGE = YES_ERROR;
				CLANG_WARN_DOCUMENTATION_COMMENTS = YES;
				CLANG_WARN_EMPTY_BODY = YES;
				CLANG_WARN_ENUM_CONVERSION = YES;
				CLANG_WARN_INFINITE_RECURSION = YES;
				CLANG_WARN_INT_CONVERSION = YES;
				CLANG_WARN_NON_LITERAL_NULL_CONVERSION = YES;
				CLANG_WARN_OBJC_IMPLICIT_RETAIN_SELF = YES;
				CLANG_WARN_OBJC_LITERAL_CONVERSION = YES;
				CLANG_WARN_OBJC_ROOT_CLASS = YES_ERROR;
				CLANG_WARN_QUOTED_INCLUDE_IN_FRAMEWORK_HEADER = YES;
				CLANG_WARN_RANGE_LOOP_ANALYSIS = YES;
				CLANG_WARN_STRICT_PROTOTYPES = YES;
				CLANG_WARN_SUSPICIOUS_MOVE = YES;
				CLANG_WARN_UNGUARDED_AVAILABILITY = YES_AGGRESSIVE;
				CLANG_WARN_UNREACHABLE_CODE = YES;
				CLANG_WARN__DUPLICATE_METHOD_MATCH = YES;
				COPY_PHASE_STRIP = NO;
				DEBUG_INFORMATION_FORMAT = "dwarf-with-dsym";
				ENABLE_NS_ASSERTIONS = NO;
				ENABLE_STRICT_OBJC_MSGSEND = YES;
				GCC_C_LANGUAGE_STANDARD = gnu11;
				GCC_NO_COMMON_BLOCKS = YES;
				GCC_WARN_64_TO_32_BIT_CONVERSION = YES;
				GCC_WARN_ABOUT_RETURN_TYPE = YES_ERROR;
				GCC_WARN_UNDECLARED_SELECTOR = YES;
				GCC_WARN_UNINITIALIZED_AUTOS = YES_AGGRESSIVE;
				GCC_WARN_UNUSED_FUNCTION = YES;
				GCC_WARN_UNUSED_VARIABLE = YES;
				IPHONEOS_DEPLOYMENT_TARGET = 14.1;
				MTL_ENABLE_DEBUG_INFO = NO;
				MTL_FAST_MATH = YES;
				SDKROOT = iphoneos;
				SWIFT_COMPILATION_MODE = wholemodule;
				SWIFT_OPTIMIZATION_LEVEL = "-O";
				VALIDATE_PRODUCT = YES;
			};
			name = Release;
		};
		D3C83743262BD79900479404 /* Debug */ = {
			isa = XCBuildConfiguration;
			buildSettings = {
				ASSETCATALOG_COMPILER_APPICON_NAME = AppIcon;
				ASSETCATALOG_COMPILER_GLOBAL_ACCENT_COLOR_NAME = AccentColor;
				CODE_SIGN_STYLE = Automatic;
				INFOPLIST_FILE = Stash/Info.plist;
				LD_RUNPATH_SEARCH_PATHS = (
					"$(inherited)",
					"@executable_path/Frameworks",
				);
				PRODUCT_BUNDLE_IDENTIFIER = com.varun.Stash;
				PRODUCT_NAME = "$(TARGET_NAME)";
				SWIFT_VERSION = 5.0;
				TARGETED_DEVICE_FAMILY = "1,2";
			};
			name = Debug;
		};
		D3C83744262BD79900479404 /* Release */ = {
			isa = XCBuildConfiguration;
			buildSettings = {
				ASSETCATALOG_COMPILER_APPICON_NAME = AppIcon;
				ASSETCATALOG_COMPILER_GLOBAL_ACCENT_COLOR_NAME = AccentColor;
				CODE_SIGN_STYLE = Automatic;
				INFOPLIST_FILE = Stash/Info.plist;
				LD_RUNPATH_SEARCH_PATHS = (
					"$(inherited)",
					"@executable_path/Frameworks",
				);
				PRODUCT_BUNDLE_IDENTIFIER = com.varun.Stash;
				PRODUCT_NAME = "$(TARGET_NAME)";
				SWIFT_VERSION = 5.0;
				TARGETED_DEVICE_FAMILY = "1,2";
			};
			name = Release;
		};
		D3C83746262BD79900479404 /* Debug */ = {
			isa = XCBuildConfiguration;
			buildSettings = {
				ALWAYS_EMBED_SWIFT_STANDARD_LIBRARIES = YES;
				BUNDLE_LOADER = "$(TEST_HOST)";
				CODE_SIGN_STYLE = Automatic;
				INFOPLIST_FILE = StashTests/Info.plist;
				IPHONEOS_DEPLOYMENT_TARGET = 14.1;
				LD_RUNPATH_SEARCH_PATHS = (
					"$(inherited)",
					"@executable_path/Frameworks",
					"@loader_path/Frameworks",
				);
				PRODUCT_BUNDLE_IDENTIFIER = com.varun.StashTests;
				PRODUCT_NAME = "$(TARGET_NAME)";
				SWIFT_VERSION = 5.0;
				TARGETED_DEVICE_FAMILY = "1,2";
				TEST_HOST = "$(BUILT_PRODUCTS_DIR)/Stash.app/Stash";
			};
			name = Debug;
		};
		D3C83747262BD79900479404 /* Release */ = {
			isa = XCBuildConfiguration;
			buildSettings = {
				ALWAYS_EMBED_SWIFT_STANDARD_LIBRARIES = YES;
				BUNDLE_LOADER = "$(TEST_HOST)";
				CODE_SIGN_STYLE = Automatic;
				INFOPLIST_FILE = StashTests/Info.plist;
				IPHONEOS_DEPLOYMENT_TARGET = 14.1;
				LD_RUNPATH_SEARCH_PATHS = (
					"$(inherited)",
					"@executable_path/Frameworks",
					"@loader_path/Frameworks",
				);
				PRODUCT_BUNDLE_IDENTIFIER = com.varun.StashTests;
				PRODUCT_NAME = "$(TARGET_NAME)";
				SWIFT_VERSION = 5.0;
				TARGETED_DEVICE_FAMILY = "1,2";
				TEST_HOST = "$(BUILT_PRODUCTS_DIR)/Stash.app/Stash";
			};
			name = Release;
		};
		D3C83749262BD79900479404 /* Debug */ = {
			isa = XCBuildConfiguration;
			buildSettings = {
				ALWAYS_EMBED_SWIFT_STANDARD_LIBRARIES = YES;
				CODE_SIGN_STYLE = Automatic;
				INFOPLIST_FILE = StashUITests/Info.plist;
				LD_RUNPATH_SEARCH_PATHS = (
					"$(inherited)",
					"@executable_path/Frameworks",
					"@loader_path/Frameworks",
				);
				PRODUCT_BUNDLE_IDENTIFIER = com.varun.StashUITests;
				PRODUCT_NAME = "$(TARGET_NAME)";
				SWIFT_VERSION = 5.0;
				TARGETED_DEVICE_FAMILY = "1,2";
				TEST_TARGET_NAME = Stash;
			};
			name = Debug;
		};
		D3C8374A262BD79900479404 /* Release */ = {
			isa = XCBuildConfiguration;
			buildSettings = {
				ALWAYS_EMBED_SWIFT_STANDARD_LIBRARIES = YES;
				CODE_SIGN_STYLE = Automatic;
				INFOPLIST_FILE = StashUITests/Info.plist;
				LD_RUNPATH_SEARCH_PATHS = (
					"$(inherited)",
					"@executable_path/Frameworks",
					"@loader_path/Frameworks",
				);
				PRODUCT_BUNDLE_IDENTIFIER = com.varun.StashUITests;
				PRODUCT_NAME = "$(TARGET_NAME)";
				SWIFT_VERSION = 5.0;
				TARGETED_DEVICE_FAMILY = "1,2";
				TEST_TARGET_NAME = Stash;
			};
			name = Release;
		};
/* End XCBuildConfiguration section */

/* Begin XCConfigurationList section */
		D3C83713262BD79600479404 /* Build configuration list for PBXProject "Stash" */ = {
			isa = XCConfigurationList;
			buildConfigurations = (
				D3C83740262BD79900479404 /* Debug */,
				D3C83741262BD79900479404 /* Release */,
			);
			defaultConfigurationIsVisible = 0;
			defaultConfigurationName = Release;
		};
		D3C83742262BD79900479404 /* Build configuration list for PBXNativeTarget "Stash" */ = {
			isa = XCConfigurationList;
			buildConfigurations = (
				D3C83743262BD79900479404 /* Debug */,
				D3C83744262BD79900479404 /* Release */,
			);
			defaultConfigurationIsVisible = 0;
			defaultConfigurationName = Release;
		};
		D3C83745262BD79900479404 /* Build configuration list for PBXNativeTarget "StashTests" */ = {
			isa = XCConfigurationList;
			buildConfigurations = (
				D3C83746262BD79900479404 /* Debug */,
				D3C83747262BD79900479404 /* Release */,
			);
			defaultConfigurationIsVisible = 0;
			defaultConfigurationName = Release;
		};
		D3C83748262BD79900479404 /* Build configuration list for PBXNativeTarget "StashUITests" */ = {
			isa = XCConfigurationList;
			buildConfigurations = (
				D3C83749262BD79900479404 /* Debug */,
				D3C8374A262BD79900479404 /* Release */,
			);
			defaultConfigurationIsVisible = 0;
			defaultConfigurationName = Release;
		};
/* End XCConfigurationList section */
	};
	rootObject = D3C83710262BD79600479404 /* Project object */;
}
